{
  "name": "@linvy/api",
  "version": "0.2.0",
  "lockfileVersion": 3,
  "requires": true,
  "packages": {
    "": {
      "name": "@linvy/api",
      "version": "0.2.0",
      "dependencies": {
        "@fastify/swagger": "^9.4.2",
        "@fastify/swagger-ui": "^5.2.2",
        "drizzle-orm": "^0.44.5",
        "fastify": "^5.6.0",
        "fastify-plugin": "^5.0.1",
        "postgres": "^3.4.7",
        "zod": "^4.1.5"
      },
      "devDependencies": {
        "@types/node": "^24.3.0",
        "drizzle-kit": "^0.31.4",
        "tsx": "^4.20.5",
        "typescript": "^5.9.2",
        "vitest": "^3.2.4"
      }
    },
    "node_modules/@drizzle-team/brocli": {
      "version": "0.10.2",
      "resolved": "https://registry.npmjs.org/@drizzle-team/brocli/-/brocli-0.10.2.tgz",
      "integrity": "sha512-z33Il7l5dKjUgGULTqBsQBQwckHh5AbIuxhdsIxDDiZAzBOrZO6q9ogcWC65kU382AfynTfgNumVcNIjuIua6w==",
      "dev": true,
      "license": "Apache-2.0"
    },
    "node_modules/@esbuild-kit/core-utils": {
      "version": "3.3.2",
      "resolved": "https://registry.npmjs.org/@esbuild-kit/core-utils/-/core-utils-3.3.2.tgz",
      "integrity": "sha512-sPRAnw9CdSsRmEtnsl2WXWdyquogVpB3yZ3dgwJfe8zrOzTsV7cJvmwrKVa+0ma5BoiGJ+BoqkMvawbayKUsqQ==",
      "deprecated": "Merged into tsx: https://tsx.hirok.io",
      "dev": true,
      "license": "MIT",
      "dependencies": {
        "esbuild": "~0.18.20",
        "source-map-support": "^0.5.21"
      }
    },
    "node_modules/@esbuild-kit/core-utils/node_modules/@esbuild/android-arm": {
      "version": "0.18.20",
      "resolved": "https://registry.npmjs.org/@esbuild/android-arm/-/android-arm-0.18.20.tgz",
      "integrity": "sha512-fyi7TDI/ijKKNZTUJAQqiG5T7YjJXgnzkURqmGj13C6dCqckZBLdl4h7bkhHt/t0WP+zO9/zwroDvANaOqO5Sw==",
      "cpu": [
        "arm"
      ],
      "dev": true,
      "license": "MIT",
      "optional": true,
      "os": [
        "android"
      ],
      "engines": {
        "node": ">=12"
      }
    },
    "node_modules/@esbuild-kit/core-utils/node_modules/@esbuild/android-arm64": {
      "version": "0.18.20",
      "resolved": "https://registry.npmjs.org/@esbuild/android-arm64/-/android-arm64-0.18.20.tgz",
      "integrity": "sha512-Nz4rJcchGDtENV0eMKUNa6L12zz2zBDXuhj/Vjh18zGqB44Bi7MBMSXjgunJgjRhCmKOjnPuZp4Mb6OKqtMHLQ==",
      "cpu": [
        "arm64"
      ],
      "dev": true,
      "license": "MIT",
      "optional": true,
      "os": [
    -ûë-¢G§²ÚîÆ­yÑÍà½¹½‘•}µ½‘Õ±•Ì½•Í‰Õ¥±½½Á•¹¡…Éµ½¹äµ…É´ØÐˆèì(€€€€€€‰Ù•ÉÍ¥½¸ˆè€ˆÀ¸Èà¸Èˆ°(€€€€€€‰É•Í½±Ù•ˆè€‰¡ÑÑÁÌè¼½É•¥ÍÑÉä¹¹Áµ©Ì¹½Éœ½•Í‰Õ¥±½½Á•¹¡…Éµ½¹äµ…É´ØÐ¼´½½Á•¹¡…Éµ½¹äµ…É´ØÐ´À¸Èà¸È¹Ñèˆ°(€€€€€€‰¥¹Ñ•É¥Ñäˆè€‰Í¡„ÔÄÈµ]­¡eµÁQ©1Ù±MÅÉÝ©IUµ¡°Ñ¬á½aHÍ%‰ÑÅ]µ1T½‘•!!±±±áÙ‘]9)XåÉ‰é•áÕÙèáÑ9•Ý]1PÝDôôˆ°(€€€€€€‰ÁÔˆèl(€€€€€€€€‰…É´ØÐˆ(€€€€€t°(€€€€€€‰‘•ØˆèÑÉÕ”°(€€€€€€‰±¥•¹Í”ˆè€‰5%Pˆ°(€€€€€€‰½ÁÑ¥½¹…°ˆèÑÉÕ”°(€€€€€€‰½Ìˆèl(€€€€€€€€‰½Á•¹¡…Éµ½¹äˆ(€€€€€t°(€€€€€€‰•¹¥¹•Ìˆèì(€€€€€€€€‰¹½‘”ˆè€ˆøôÄàˆ(€€€€€ô(€€€ô°(€€€€‰¹½‘•}µ½‘Õ±•Ì½ÑÍà½¹½‘•}µ½‘Õ±•Ì½•Í‰Õ¥±½ÍÕ¹½ÌµàØÐˆèì(€€€€€€‰Ù•ÉÍ¥½¸ˆè€ˆÀ¸Èà¸Èˆ°(€€€€€€‰É•Í½±Ù•ˆè€‰¡ÑÑÁÌè¼½É•¥ÍÑÉä¹¹Áµ©Ì¹½Éœ½•Í‰Õ¥±½ÍÕ¹½ÌµàØÐ¼´½ÍÕ¹½ÌµàØÐ´À¸Èà¸È¹Ñèˆ°(€€€€€€‰¥¹Ñ•É¥Ñäˆè€‰Í¡„ÔÄÈµA5M­Q=Ñ5¹ØÉTÉáá”Ñ%¼ÙÅµYÌ­e-åÀàÌÉÑÅÅáÈÁ¡¹µaDÍÉéÝåÑ•±´Í%¸ÝPÑYÙ¥IU±˜ÍÍ=	=¥Q‘Ù…˜Ýœôôˆ°(€€€€€€‰ÁÔˆèl(€€€€€€€€‰àØÐˆ(€€€€€t°(€€€€€€‰‘•ØˆèÑÉÕ”°(€€€€€€‰±¥•¹Í”ˆè€‰5%Pˆ°(€€€€€€‰½ÁÑ¥½¹…°ˆèÑÉÕ”°(€€€€€€‰½Ìˆèl(€€€€€€€€‰ÍÕ¹½Ìˆ(€€€€€t°(€€€€€€‰•¹¥¹•Ìˆèì(€€€€€€€€‰¹½‘”ˆè€ˆøôÄàˆ(€€€€€ô(€€€ô°(€€€€‰¹½‘•}µ½‘Õ±•Ì½ÑÍà½¹½‘•}µ½‘Õ±•Ì½•Í‰Õ¥±½Ý¥¸ÌÈµ…É´ØÐˆèì(€€€€€€‰Ù•ÉÍ¥½¸ˆè€ˆÀ¸Èà¸Èˆ°(€€€€€€‰É•Í½±Ù•ˆè€‰¡ÑÑÁÌè¼½É•¥ÍÑÉä¹¹Áµ©Ì¹½Éœ½•Í‰Õ¥±½Ý¥¸ÌÈµ…É´ØÐ¼´½Ý¥¸ÌÈµ…É´ØÐ´À¸Èà¸È¹Ñèˆ°(€€€€€€‰¥¹Ñ•É¥Ñäˆè€‰Í¡„ÔÄÈµA%¡¡­åÕA	±•I	ÉE)ÁU¸Ý5	¹¥‰ié‰ée]AµdÍà­e½Yœ¼äÕé‰©ÑáAA=Dá°ÕÑee4Ñµ5…Ñ¡à¼Å%™	EEå]Dôôˆ°(€€€€€€‰ÁÔˆèl(€€€€€€€€‰…É´ØÐˆ(€€€€€t°(€€€€€€‰‘•ØˆèÑÉÕ”°(€€€€€€‰±¥•¹Í”ˆè€‰5%Pˆ°(€€€€€€‰½ÁÑ¥½¹…°ˆèÑÉÕ”°(€€€€€€‰½Ìˆèl(€€€€€€€€‰Ý¥¸ÌÈˆ(€€€€€t°(€€€€€€‰•¹¥¹•Ìˆèì(€€€€€€€€‰¹½‘”ˆè€ˆøôÄàˆ(€€€€€ô(€€€ô°(€€€€‰¹½‘•}µ½‘Õ±•Ì½ÑÍà½¹½‘•}µ½‘Õ±•Ì½•Í‰Õ¥±½Ý¥¸ÌÈµ¥„ÌÈˆèì(€€€€€€‰Ù•ÉÍ¥½¸ˆè€ˆÀ¸Èà¸Èˆ°(€€€€€€‰É•Í½±Ù•ˆè€‰¡ÑÑÁÌè¼½É•¥ÍÑÉä¹¹Áµ©Ì¹½Éœ½•Í‰Õ¥±½Ý¥¸ÌÈµ¥„ÌÈ¼´½Ý¥¸ÌÈµ¥„ÌÈ´À¸Èà¸È¹Ñèˆ°(€€€€€€‰¥¹Ñ•É¥Ñäˆè€‰Í¡„ÔÄÈµeµ)‰™Q±ÙTÝM‘¸å	¬ÑAILÑ½ÙÁáLÌÝ5=9¨­¡	È½ÁaLÅ…	A-aá9¹‰Ô­E]A¨Á¼å‘åá•ÄÜåœÙŒÕ@á-•Õeôôˆ°(€€€€€€‰ÁÔˆèl(€€€€€€€€‰¥„ÌÈˆ(€€€€€t°(€€€€€€‰‘•ØˆèÑÉÕ”°(€€€€€€‰±¥•¹Í”ˆè€‰5%Pˆ°(€€€€€€‰½ÁÑ¥½¹…°ˆèÑÉÕ”°(€€€€€€‰½Ìˆèl(€€€€€€€€‰Ý¥¸ÌÈˆ(€€€€€t°(€€€€€€‰•¹¥¹•Ìˆèì(€€€€€€€€‰¹½‘”ˆè€ˆøôÄàˆ(€€€€€ô(€€€ô°(€€€€‰¹½‘•}µ½‘Õ±•Ì½ÑÍà½¹½‘•}µ½‘Õ±•Ì½•Í‰Õ¥±½Ý¥¸ÌÈµàØÐˆèì(€€€€€€‰Ù•ÉÍ¥½¸ˆè€ˆÀ¸Èà¸Èˆ°(€€€€€€‰É•Í½±Ù•ˆè€‰¡ÑÑÁÌè¼½É•¥ÍÑÉä¹¹Áµ©Ì¹½Éœ½•Í‰Õ¥±½Ý¥¸ÌÈµàØÐ¼´½Ý¥¸ÌÈµàØÐ´À¸Èà¸È¹Ñèˆ°(€€€€€€‰¥¹Ñ•É¥Ñäˆè€‰Í¡„ÔÄÈ´Õ•‰ÁáÈÍ¹]5éÉ0½É¹U$ÜÔÕ)­Õ•”Á‰!0½ÄÁ]Qå±ÙÁØÜÍÝÀÕ•Ôá5™	U],å‰¡]Ùi©¨Ýå`á•Ñ˜¼áÑ$á9•äØäÕœôôˆ°(€€€€€€‰ÁÔˆèl(€€€€€€€€‰àØÐˆ(€€€€€t°(€€€€€€‰‘•ØˆèÑÉÕ”°(€€€€€€‰±¥•¹Í”ˆè€‰5%Pˆ°(€€€€€€‰½ÁÑ¥½¹…°ˆèÑÉÕ”°(€€€€€€‰½Ìˆèl(€€€€€€€€‰Ý¥¸ÌÈˆ(€€€€€t°(€€€€€€‰•¹¥¹•Ìˆèì(€€€€€€€€‰¹½‘”ˆè€ˆøôÄàˆ(€€€€€ô(€€€ô°(€€€€‰¹½‘•}µ½‘Õ±•Ì½ÑÍà½¹½‘•}µ½‘Õ±•Ì½•Í‰Õ¥±ˆèì(€€€€€€‰Ù•ÉÍ¥½¸ˆè€ˆÀ¸Èà¸Èˆ°(€€€€€€‰É•Í½±Ù•ˆè€‰¡ÑÑÁÌè¼½É•¥ÍÑÉä¹¹Áµ©Ì¹½Éœ½•Í‰Õ¥±¼´½•Í‰Õ¥±´À¸Èà¸È¹Ñèˆ°(€€€€€€‰¥¹Ñ•É¥Ñäˆè€‰Í¡„ÔÄÈµ!-Y1Lá‘Ù%$­á½-\å­µÅá‰I-É¹]a™))È½i¡¡)µ¥Å%Á”ÀÔÍE9eÅ=	½ÕQ5<½¬ÕÍ%Ñ5Ù¥UÙØáˆå4Ñ ÌÉÝ%ôôˆ°(€€€€€€‰‘•ØˆèÑÉÕ”°(€€€€€€‰¡…Í%¹ÍÑ…±±MÉ¥ÁÐˆèÑÉÕ”°(€€€€€€‰±¥•¹Í”ˆè€‰5%Pˆ°(€€€€€€‰‰¥¸ˆèì(€€€€€€€€‰•Í‰Õ¥±ˆè€‰‰¥¸½•Í‰Õ¥±ˆ(€€€€€ô°(€€€€€€‰•¹¥¹•Ìˆèì(€€€€€€€€‰¹½‘”ˆè€ˆøôÄàˆ(€€€€€ô°(€€€€€€‰½ÁÑ¥½¹…±•Á•¹‘•¹¥•Ìˆèì(€€€€€€€€‰•Í‰Õ¥±½…¥àµÁÁŒØÐˆè€ˆÀ¸Èà¸Èˆ°(€€€€€€€€‰•Í‰Õ¥±½…¹‘É½¥µ…É´ˆè€ˆÀ¸Èà¸Èˆ°(€€€€€€€€‰•Í‰Õ¥±½…¹‘É½¥µ…É´ØÐˆè€ˆÀ¸Èà¸Èˆ°(€€€€€€€€‰•Í‰Õ¥±½…¹‘É½¥µàØÐˆè€ˆÀ¸Èà¸Èˆ°(€€€€€€€€‰•Í‰Õ¥±½‘…ÉÝ¥¸µ…É´ØÐˆè€ˆÀ¸Èà¸Èˆ°(€€€€€€€€‰•Í‰Õ¥±½‘…ÉÝ¥¸µàØÐˆè€ˆÀ¸Èà¸Èˆ°(€€€€€€€€‰•Í‰Õ¥±½™É••‰Íµ…É´ØÐˆè€ˆÀ¸Èà¸Èˆ°(€€€€€€€€‰•Í‰Õ¥±½™É••‰ÍµàØÐˆè€ˆÀ¸Èà¸Èˆ°(€€€€€€€€‰•Í‰Õ¥±½±¥¹Õàµ…É´ˆè€ˆÀ¸Èà¸Èˆ°(€€€€€€€€‰•Í‰Õ¥±½±¥¹Õàµ…É´ØÐˆè€ˆÀ¸Èà¸Èˆ°(€€€€€€€€‰•Í‰Õ¥±½±¥¹Õàµ¥„ÌÈˆè€ˆÀ¸Èà¸Èˆ°(€€€€€€€€‰•Í‰Õ¥±½±¥¹Õàµ±½½¹œØÐˆè€ˆÀ¸Èà¸Èˆ°(€€€€€€€€‰•Í‰Õ¥±½±¥¹Õàµµ¥ÁÌØÑ•°ˆè€ˆÀ¸Èà¸Èˆ°(€€€€€€€€‰•Í‰Õ¥±½±¥¹ÕàµÁÁŒØÐˆè€ˆÀ¸Èà¸Èˆ°(€€€€€€€€‰•Í‰Õ¥±½±¥¹ÕàµÉ¥ÍØØÐˆè€ˆÀ¸Èà¸Èˆ°(€€€€€€€€‰•Í‰Õ¥±½±¥¹ÕàµÌÌäÁàˆè€ˆÀ¸Èà¸Èˆ°(€€€€€€€€‰•Í‰Õ¥±½±¥¹ÕàµàØÐˆè€ˆÀ¸Èà¸Èˆ°(€€€€€€€€‰•Í‰Õ¥±½¹•Ñ‰Íµ…É´ØÐˆè€ˆÀ¸Èà¸Èˆ°(€€€€€€€€‰•Í‰Õ¥±½¹•Ñ‰ÍµàØÐˆè€ˆÀ¸Èà¸Èˆ°(€€€€€€€€‰•Í‰Õ¥±½½Á•¹‰Íµ…É´ØÐˆè€ˆÀ¸Èà¸Èˆ°(€€€€€€€€‰•Í‰Õ¥±½½Á•¹‰ÍµàØÐˆè€ˆÀ¸Èà¸Èˆ°(€€€€€€€€‰•Í‰Õ¥±½½Á•¹¡…Éµ½¹äµ…É´ØÐˆè€ˆÀ¸Èà¸Èˆ°(€€€€€€€€‰•Í‰Õ¥±½ÍÕ¹½ÌµàØÐˆè€ˆÀ¸Èà¸Èˆ°(€€€€€€€€‰•Í‰Õ¥±½Ý¥¸ÌÈµ…É´ØÐˆè€ˆÀ¸Èà¸Èˆ°(€€€€€€€€‰•Í‰Õ¥±½Ý¥¸ÌÈµ¥„ÌÈˆè€ˆÀ¸Èà¸Èˆ°(€€€€€€€€‰•Í‰Õ¥±½Ý¥¸ÌÈµàØÐˆè€ˆÀ¸Èà¸Èˆ(€€€€€ô(€€€ô°(€€€€‰¹½‘•}µ½‘Õ±•Ì½ÑåÁ•ÍÉ¥ÁÐˆèì(€€€€€€‰Ù•ÉÍ¥½¸ˆè€ˆÔ¸ä¸Ìˆ°(€€€€€€‰É•Í½±Ù•ˆè€‰¡ÑÑÁÌè¼½É•¥ÍÑÉä¹¹Áµ©Ì¹½Éœ½ÑåÁ•ÍÉ¥ÁÐ¼´½ÑåÁ•ÍÉ¥ÁÐ´Ô¸ä¸Ì¹Ñèˆ°(€€€€€€‰¥¹Ñ•É¥Ñäˆè€‰Í¡„ÔÄÈµ©°ÅÙiéA¥¹1Èå•UÐÍ(½ÐÝXÙ9ÜåE©Ù	A‘åÍèå-™EÐÅ™EÉÉdÑÙ-E‘¥…UÁPÑ‰a±ˆÅI!¡1ÁÀáÝÑ´Ù4ÕQMÜôôˆ°(€€€€€€‰‘•ØˆèÑÉÕ”°(€€€€€€‰±¥•¹Í”ˆè€‰Á…¡”´È¸Àˆ°(€€€€€€‰‰¥¸ˆèì(€€€€€€€€‰ÑÍŒˆè€‰‰¥¸½ÑÍŒˆ°(€€€€€€€€‰ÑÍÍ•ÉÙ•Èˆè€‰‰¥¸½ÑÍÍ•ÉÙ•Èˆ(€€€€€ô°(€€€€€€‰•¹¥¹•Ìˆèì(€€€€€€€€‰¹½‘”ˆè€ˆøôÄÐ¸ÄÜˆ(€€€€€ô(€€€ô°(€€€€‰¹½‘•}µ½‘Õ±•Ì½Õ¹‘¥¤µÑåÁ•Ìˆèì(€€€€€€‰Ù•ÉÍ¥½¸ˆè€ˆÜ¸Äà¸Èˆ°(€€€€€€‰É•Í½±Ù•ˆè€‰¡ÑÑÁÌè¼½É•¥ÍÑÉä¹¹Áµ©Ì¹½Éœ½Õ¹‘¥¤µÑåÁ•Ì¼´½Õ¹‘¥¤µÑåÁ•Ì´Ü¸Äà¸È¹Ñèˆ°(€€€€€€‰¥¹Ñ•É¥Ñäˆè€‰Í¡„ÔÄÈµÍÕé™™!)å‰M…IÉµÈÕ•!ÈàÅµÝ)TÍ­©ÜÙ4­ÕÁÉ]Ùa¥9•8åM=ÝDÍ)¸á©ˆá´ÍhÙ¥éY­¹¸ÅHÁQ@ÉEÉ1d½Üôôˆ°(€€€€€€‰‘•ØˆèÑÉÕ”°(€€€€€€‰±¥•¹Í”ˆè€‰5%Pˆ(€€€ô°(€€€€‰¹½‘•}µ½‘Õ±•Ì½Ù¥Ñ”ˆèì(€€€€€€‰Ù•ÉÍ¥½¸ˆè€ˆÜ¸Ì¸Øˆ°(€€€€€€‰É•Í½±Ù•ˆè€‰¡ÑÑÁÌè¼½É•¥ÍÑÉä¹¹Áµ©Ì¹½Éœ½Ù¥Ñ”¼´½Ù¥Ñ”´Ü¸Ì¸Ø¹Ñèˆ°(€€€€€€‰¥¹Ñ•É¥Ñäˆè€‰Í¡„ÔÄÈ´Ña@ØÁÍÁI©Mi˜ÅÅe ­‘)%­,Éé¹0ÍéE™°å-­=Xå5­­IH¼Í±ÌÁ‘á…	ÍEAQ±½ŒÕ	1a]A0åÙÍ=á½Ááå-½5µÕ•œôôˆ°(€€€€€€‰‘•ØˆèÑÉÕ”°(€€€€€€‰±¥•¹Í”ˆè€‰5%Pˆ°(€€€€€€‰‘•Á•¹‘•¹¥•Ìˆèì(€€€€€€€€‰•Í‰Õ¥±ˆè€‰xÀ¸ÈÜ¸ÀñðxÀ¸Èà¸Àˆ°(€€€€€€€€‰™‘¥Èˆè€‰xØ¸Ô¸Àˆ°(€€€€€€€€‰Á¥½µ…Ñ ˆè€‰xÐ¸À¸Ìˆ°(€€€€€€€€‰Á½ÍÑÍÌˆè€‰xà¸Ô¸Øˆ°(€€€€€€€€‰É½±±ÕÀˆè€‰xÐ¸ÐÌ¸Àˆ°(€€€€€€€€‰Ñ¥¹å±½‰‰äˆè€‰xÀ¸È¸ÄÔˆ(€€€€€ô°(€€€€€€‰‰¥¸ˆèì(€€€€€€€€‰Ù¥Ñ”ˆè€‰‰¥¸½Ù¥Ñ”¹©Ìˆ(€€€€€ô°(€€€€€€‰•¹¥¹•Ìˆèì(€€€€€€€€‰¹½‘”ˆè€‰xÈÀ¸Ää¸Àñð€øôÈÈ¸ÄÈ¸Àˆ(€€€€€ô°(€€€€€€‰™Õ¹‘¥¹œˆèì(€€€€€€€€‰ÕÉ°ˆè€‰¡ÑÑÁÌè¼½¥Ñ¡Õˆ¹½´½Ù¥Ñ•©Ì½Ù¥Ñ”ýÍÁ½¹Í½ÈôÄˆ(€€€€€ô°(€€€€€€‰½ÁÑ¥½¹…±•Á•¹‘•¹¥•Ìˆèì(€€€€€€€€‰™Í•Ù•¹ÑÌˆè€‰øÈ¸Ì¸Ìˆ(€€€€€ô°(€€€€€€‰Á••É•Á•¹‘•¹¥•Ìˆèì(€€€€€€€€‰ÑåÁ•Ì½¹½‘”ˆè€‰xÈÀ¸Ää¸Àñð€øôÈÈ¸ÄÈ¸Àˆ°(€€€€€€€€‰©¥Ñ¤ˆè€ˆøôÄ¸ÈÄ¸Àˆ°(€€€€€€€€‰±•ÍÌˆè€‰xÐ¸À¸Àˆ°(€€€€€€€€‰±¥¡Ñ¹¥¹ÍÌˆè€‰xÄ¸ÈÄ¸Àˆ°(€€€€€€€€‰Í…ÍÌˆè€‰xÄ¸ÜÀ¸Àˆ°(€€€€€€€€‰Í…ÍÌµ•µ‰•‘‘•ˆè€‰xÄ¸ÜÀ¸Àˆ°(€€€€€€€€‰ÍÑå±ÕÌˆè€ˆøôÀ¸ÔÐ¸àˆ°(€€€€€€€€‰ÍÕ…ÉÍÌˆè€‰xÔ¸À¸Àˆ°(€€€€€€€€‰Ñ•ÉÍ•Èˆè€‰xÔ¸ÄØ¸Àˆ°(€€€€€€€€‰ÑÍàˆè€‰xÐ¸à¸Äˆ°(€€€€€€€€‰å…µ°ˆè€‰xÈ¸Ð¸Èˆ(€€€€€ô°(€€€€€€‰Á••É•Á•¹‘•¹¥•Í5•Ñ„ˆèì(€€€€€€€€‰ÑåÁ•Ì½¹½‘”ˆèì(€€€€€€€€€€‰½ÁÑ¥½¹…°ˆèÑÉÕ”(€€€€€€€ô°(€€€€€€€€‰©¥Ñ¤ˆèì(€€€€€€€€€€‰½ÁÑ¥½¹…°ˆèÑÉÕ”(€€€€€€€ô°(€€€€€€€€‰±•ÍÌˆèì(€€€€€€€€€€‰½ÁÑ¥½¹…°ˆèÑÉÕ”(€€€€€€€ô°(€€€€€€€€‰±¥¡Ñ¹¥¹ÍÌˆèì(€€€€€€€€€€‰½ÁÑ¥½¹…°ˆèÑÉÕ”(€€€€€€€ô°(€€€€€€€€‰Í…ÍÌˆèì(€€€€€€€€€€‰½ÁÑ¥½¹…°ˆèÑÉÕ”(€€€€€€€ô°(€€€€€€€€‰Í…ÍÌµ•µ‰•‘‘•ˆèì(€€€€€€€€€€‰½ÁÑ¥½¹…°ˆèÑÉÕ”(€€€€€€€ô°(€€€€€€€€‰ÍÑå±ÕÌˆèì(€€€€€€€€€€‰½ÁÑ¥½¹…°ˆèÑÉÕ”(€€€€€€€ô°(€€€€€€€€‰ÍÕ…ÉÍÌˆèì(€€€€€€€€€€‰½ÁÑ¥½¹…°ˆèÑÉÕ”(€€€€€€€ô°(€€€€€€€€‰Ñ•ÉÍ•Èˆèì(€€€€€€€€€€‰½ÁÑ¥½¹…°ˆèÑÉÕ”(€€€€€€€ô°(€€€€€€€€‰ÑÍàˆèì(€€€€€€€€€€‰½ÁÑ¥½¹…°ˆèÑÉÕ”(€€€€€€€ô°(€€€€€€€€‰å…µ°ˆèì(€€€€€€€€€€‰½ÁÑ¥½¹…°ˆèÑÉÕ”(€€€€€€€ô(€€€€€ô(€€€ô°(€€€€‰¹½‘•}µ½‘Õ±•Ì½Ù¥Ñ”µ¹½‘”ˆèì(€€€€€€‰Ù•ÉÍ¥½¸ˆè€ˆÌ¸È¸Ðˆ°(€€€€€€‰É•Í½±Ù•ˆè€‰¡ÑÑÁÌè¼½É•¥ÍÑÉä¹¹Áµ©Ì¹½Éœ½Ù¥Ñ”µ¹½‘”¼´½Ù¥Ñ”µ¹½‘”´Ì¸È¸Ð¹Ñèˆ°(€€€€€€‰¥¹Ñ•É¥Ñäˆè€‰Í¡„ÔÄÈµ‰-M- ­‰ ÅÅ%á•<ÁÁœÅ¸Ñ‘Ù½=QÐÁU¥a5½Å¸¬­Èäà­©A<ÅáÑ)¥±Ùa±‘•ÕDá¥%Õ%­Á©5±•!59Í ÙÁœôôˆ°(€€€€€€‰‘•ØˆèÑÉÕ”°(€€€€€€‰±¥•¹Í”ˆè€‰5%Pˆ°(€€€€€€‰‘•Á•¹‘•¹¥•Ìˆèì(€€€€€€€€‰…Œˆè€‰xØ¸Ü¸ÄÐˆ°(€€€€€€€€‰‘•‰Õœˆè€‰xÐ¸Ð¸Äˆ°(€€€€€€€€‰•Ìµµ½‘Õ±”µ±•á•Èˆè€‰xÄ¸Ü¸Àˆ°(€€€€€€€€‰Á…Ñ¡”ˆè€‰xÈ¸À¸Ìˆ°(€€€€€€€€‰Ù¥Ñ”ˆè€‰xÔ¸À¸ÀñðxØ¸À¸ÀñðxÜ¸À¸À´Àˆ(€€€€€ô°(€€€€€€‰‰¥¸ˆèì(€€€€€€€€‰Ù¥Ñ”µ¹½‘”ˆè€‰Ù¥Ñ”µ¹½‘”¹µ©Ìˆ(€€€€€ô°(€€€€€€‰•¹¥¹•Ìˆèì(€€€€€€€€‰¹½‘”ˆè€‰xÄà¸À¸ÀñðxÈÀ¸À¸Àñð€øôÈÈ¸À¸Àˆ(€€€€€ô°(€€€€€€‰™Õ¹‘¥¹œˆèì(€€€€€€€€‰ÕÉ°ˆè€‰¡ÑÑÁÌè¼½½Á•¹½±±•Ñ¥Ù”¹½´½Ù¥Ñ•ÍÐˆ(€€€€€ô(€€€ô°(€€€€‰¹½‘•}µ½‘Õ±•Ì½Ù¥Ñ”½¹½‘•}µ½‘Õ±•Ì½•Í‰Õ¥±½…¥àµÁÁŒØÐˆèì(€€€€€€‰Ù•ÉÍ¥½¸ˆè€ˆÀ¸Èà¸Èˆ°(€€€€€€‰É•Í½±Ù•ˆè€‰¡ÑÑÁÌè¼½É•¥ÍÑÉä¹¹Áµ©Ì¹½Éœ½•Í‰Õ¥±½…¥àµÁÁŒØÐ¼´½…¥àµÁÁŒØÐ´À¸Èà¸È¹Ñèˆ°(€€€€€€‰¥¹Ñ•É¥Ñäˆè€‰Í¡„ÔÄÈµaá<­‘Ù1-ÙYÑ9Q¥‰MQ	•¨Å9‰…¡]¸å]ÜÅiAààÁÅÍ…¡¡A”¼á©]@Á%¡9”ÁÍ!Ý­TÝ¸á•©¡ á‰©½¹Å¡ÐáµDôôˆ°(€€€€€€‰ÁÔˆèl(€€€€€€€€‰ÁÁŒØÐˆ(€€€€€t°(€€€€€€‰‘•ØˆèÑÉÕ”°(€€€€€€‰±¥•¹Í”ˆè€‰5%Pˆ°(€€€€€€‰½ÁÑ¥½¹…°ˆèÑÉÕ”°(€€€€€€‰½Ìˆèl(€€€€€€€€‰…¥àˆ(€€€€€t°(€€€€€€‰•¹¥¹•Ìˆèì(€€€€€€€€‰¹½‘”ˆè€ˆøôÄàˆ(€€€€€ô(€€€ô°(€€€€‰¹½‘•}µ½‘Õ±•Ì½Ù¥Ñ”½¹½‘•}µ½‘Õ±•Ì½•Í‰Õ¥±½…¹‘É½¥µ…É´ˆèì(€€€€€€‰Ù•ÉÍ¥½¸ˆè€ˆÀ¸Èà¸Èˆ°(€€€€€€‰É•Í½±Ù•ˆè€‰¡ÑÑÁÌè¼½É•¥ÍÑÉä¹¹Áµ©Ì¹½Éœ½•Í‰Õ¥±½…¹‘É½¥µ…É´¼´½…¹‘É½¥µ…É´´À¸Èà¸È¹Ñèˆ°(€€€€€€‰¥¹Ñ•É¥Ñäˆè€‰Í¡„ÔÄÈµ­aa½¥AYYE¹%e=•…½ÙÝ=UIÁ¹¥	ÁMÄÑÀÍÅ­D­	5EÅÑÙ!e…ÀÍá¹”åÅ<Åå¼ÑQHÍÅá±`Õ%ÅÅµ`Ù™¼É1Åœôôˆ°(€€€€€€‰ÁÔˆèl(€€€€€€€€‰…É´ˆ(€€€€€t°(€€€€€€‰‘•ØˆèÑÉÕ”°(€€€€€€‰±¥•¹Í”ˆè€‰5%Pˆ°(€€€€€€‰½ÁÑ¥½¹…°ˆèÑÉÕ”°(€€€€€€‰½Ìˆèl(€€€€€€€€‰…¹‘É½¥ˆ(€€€€€t°(€€€€€€‰•¹¥¹•Ìˆèì(€€€€€€€€‰¹½‘”ˆè€ˆøôÄàˆ(€€€€€ô(€€€ô°(€€€€‰¹½‘•}µ½‘Õ±•Ì½Ù¥Ñ”½¹½‘•}µ½‘Õ±•Ì½•Í‰Õ¥±½…¹‘É½¥µ…É´ØÐˆèì(€€€€€€‰Ù•ÉÍ¥½¸ˆè€ˆÀ¸Èà¸Èˆ°(€€€€€€‰É•Í½±Ù•ˆè€‰¡ÑÑÁÌè¼½É•¥ÍÑÉä¹¹Áµ©Ì¹½Éœ½•Í‰Õ¥±½…¹‘É½¥µ…É´ØÐ¼´½…¹‘É½¥µ…É´ØÐ´À¸Èà¸È¹Ñèˆ°(€€€€€€‰¥¹Ñ•É¥Ñäˆè€‰Í¡„ÔÄÈ´Õe™-••$áÅ]™	i%`­ÔÉáiÍi±ˆÍ=Ì½1LÉÍ‰-4­$Ñi=Í]µ!LÉ]1åÍEiIÍ±UTÕ=¥ÄÐÑ˜ÙAe8ÅÙÝÕôôˆ°(€€€€€€‰ÁÔˆèl(€€€€€€€€‰…É´ØÐˆ(€€€€€t°(€€€€€€‰‘•ØˆèÑÉÕ”°(€€€€€€‰±¥•¹Í”ˆè€‰5%Pˆ°(€€€€€€‰½ÁÑ¥½¹…°ˆèÑÉÕ”°(€€€€€€‰½Ìˆèl(€€€€€€€€‰…¹‘É½¥ˆ(€€€€€t°(€€€€€€‰•¹¥¹•Ìˆèì(€€€€€€€€‰¹½‘”ˆè€ˆøôÄàˆ(€€€€€ô(€€€ô°(€€€€‰¹½‘•}µ½‘Õ±•Ì½Ù¥Ñ”½¹½‘•}µ½‘Õ±•Ì½•Í‰Õ¥±½…¹‘É½¥µàØÐˆèì(€€€€€€‰Ù•ÉÍ¥½¸ˆè€ˆÀ¸Èà¸Èˆ°(€€€€€€‰É•Í½±Ù•ˆè€‰¡ÑÑÁÌè¼½É•¥ÍÑÉä¹¹Áµ©Ì¹½Éœ½•Í‰Õ¥±½…¹‘É½¥µàØÐ¼´½…¹‘É½¥µàØÐ´À¸Èà¸È¹Ñèˆ°(€€€€€€‰¥¹Ñ•É¥Ñäˆè€‰Í¡„ÔÄÈµ<ÌàÝ¥Ñ”ÝMéUåäÍ)E`Ñ@Ñ‰1ÑÝ‰11­à­•ÍÙ”Õ)!¹åe™9QáYÁai¼å©¡‘Á±Q-8ÐÑéÑ1Q‘TÝ¹Lá9ÈÄÙÌÅDôôˆ°(€€€€€€‰ÁÔˆèl(€€€€€€€€‰àØÐˆ(€€€€€t°(€€€€€€‰‘•ØˆèÑÉÕ”°(€€€€€€‰±¥•¹Í”ˆè€‰5%Pˆ°(€€€€€€‰½ÁÑ¥½¹…°ˆèÑÉÕ”°(€€€€€€‰½Ìˆèl(€€€€€€€€‰…¹‘É½¥ˆ(€€€€€t°(€€€€€€‰•¹¥¹•Ìˆèì(€€€€€€€€‰¹½‘”ˆè€ˆøôÄàˆ(€€€€€ô(€€€ô°(€€€€‰¹½‘•}µ½‘Õ±•Ì½Ù¥Ñ”½¹½‘•}µ½‘Õ±•Ì½•Í‰Õ¥±½‘…ÉÝ¥¸µ…É´ØÐˆèì(€€€€€€‰Ù•ÉÍ¥½¸ˆè€ˆÀ¸Èà¸Èˆ°(€€€€€€‰É•Í½±Ù•ˆè€‰¡ÑÑÁÌè¼½É•¥ÍÑÉä¹¹Áµ©Ì¹½Éœ½•Í‰Õ¥±½‘…ÉÝ¥¸µ…É´ØÐ¼´½‘…ÉÝ¥¸µ…É´ØÐ´À¸Èà¸È¹Ñèˆ°(€€€€€€‰¥¹Ñ•É¥Ñäˆè€‰Í¡„ÔÄÈµ¸Ñ-Å­=EÉÉ…á!)©4ÅIÙÝ‰¥™E-%-)YÁ4ÝáÀ­-Íá¥åUMÉI‘%a¹ÐÜÍY¡ÉAàÁ™XÐÑ¡™µ%Y-©á58å(ÅÐÕ©åMY­Üôôˆ°(€€€€€€‰ÁÔˆèl(€€€€€€€€‰…É´ØÐˆ(€€€€€t°(€€€€€€‰‘•ØˆèÑÉÕ”°(€€€€€€‰±¥•¹Í”ˆè€‰5%Pˆ°(€€€€€€‰½ÁÑ¥½¹…°ˆèÑÉÕ”°(€€€€€€‰½Ìˆèl(€€€€€€€€‰‘…ÉÝ¥¸ˆ(€€€€€t°(€€€€€€‰•¹¥¹•Ìˆèì(€€€€€€€€‰¹½‘”ˆè€ˆøôÄàˆ(€€€€€ô(€€€ô°(€€€€‰¹½‘•}µ½‘Õ±•Ì½Ù¥Ñ”½¹½‘•}µ½‘Õ±•Ì½•Í‰Õ¥±½‘…ÉÝ¥¸µàØÐˆèì(€€€€€€‰Ù•ÉÍ¥½¸ˆè€ˆÀ¸Èà¸Èˆ°(€€€€€€‰É•Í½±Ù•ˆè€‰¡ÑÑÁÌè¼½É•¥ÍÑÉä¹¹Áµ©Ì¹½Éœ½•Í‰Õ¥±½‘…ÉÝ¥¸µàØÐ¼´½‘…ÉÝ¥¸µàØÐ´À¸Èà¸È¹Ñèˆ°(€€€€€€‰¥¹Ñ•É¥Ñäˆè€‰Í¡„ÔÄÈµÕÄÙÍÕ%]e@ÌÝÅé‘‘	-AÜÕEEA¤Ù!¥1Í<ÝUµ­Á™å…e9DÍ­É8ÙÜÙ]™Ý ­¹ÕÅa]Ù…ÝÝá=É½<Ñe¹ äÕ…éÜôôˆ°(€€€€€€‰ÁÔˆèl(€€€€€€€€‰àØÐˆ(€€€€€t°(€€€€€€‰‘•ØˆèÑÉÕ”°(€€€€€€‰±¥•¹Í”ˆè€‰5%Pˆ°(€€€€€€‰½ÁÑ¥½¹…°ˆèÑÉÕ”°(€€€€€€‰½Ìˆèl(€€€€€€€€‰‘…ÉÝ¥¸ˆ(€€€€€t°(€€€€€€‰•¹¥¹•Ìˆèì(€€€€€€€€‰¹½‘”ˆè€ˆøôÄàˆ(€€€€€ô(€€€ô°(€€€€‰¹½‘•}µ½‘Õ±•Ì½Ù¥Ñ”½¹½‘•}µ½‘Õ±•Ì½•Í‰Õ¥±½™É••‰Íµ…É´ØÐˆèì(€€€€€€‰Ù•ÉÍ¥½¸ˆè€ˆÀ¸Èà¸Èˆ°(€€€€€€‰É•Í½±Ù•ˆè€‰¡ÑÑÁÌè¼½É•¥ÍÑÉä¹¹Áµ©Ì¹½Éœ½•Í‰Õ¥±½™É••‰Íµ…É´ØÐ¼´½™É••‰Íµ…É´ØÐ´À¸Èà¸È¹Ñèˆ°(€€€€€€‰¥¹Ñ•É¥Ñäˆè€‰Í¡„ÔÄÈµ¸­$Á	QMI%½ä­ÙIA-¹YÝÅ°ÕUÝ	)½±åÑÙdÑµ=%)½É-±ÅA%$á¥àÙÍ±YYÉ™hÕQ¹¨Ý±%iÙ±½å±‰½)A5]aÜôôˆ°(€€€€€€‰ÁÔˆèl(€€€€€€€€‰…É´ØÐˆ(€€€€€t°(€€€€€€‰‘•ØˆèÑÉÕ”°(€€€€€€‰±¥•¹Í”ˆè€‰5%Pˆ°(€€€€€€‰½ÁÑ¥½¹…°ˆèÑÉÕ”°(€€€€€€‰½Ìˆèl(€€€€€€€€‰™É••‰Íˆ(€€€€€t°(€€€€€€‰•¹¥¹•Ìˆèì(€€€€€€€€‰¹½‘”ˆè€ˆøôÄàˆ(€€€€€ô(€€€ô°(€€€€‰¹½‘•}µ½‘Õ±•Ì½Ù¥Ñ”½¹½‘•}µ½‘Õ±•Ì½•Í‰Õ¥±½™É••‰ÍµàØÐˆèì(€€€€€€‰Ù•ÉÍ¥½¸ˆè€ˆÀ¸Èà¸Èˆ°(€€€€€€‰É•Í½±Ù•ˆè€‰¡ÑÑÁÌè¼½É•¥ÍÑÉä¹¹Áµ©Ì¹½Éœ½•Í‰Õ¥±½™É••‰ÍµàØÐ¼´½™É••‰ÍµàØÐ´À¸Èà¸È¹Ñèˆ°(€€€€€€‰¥¹Ñ•É¥Ñäˆè€‰Í¡„ÔÄÈ´Üáa)Q)­ÙAÌÁ­èÉÜØÄÌÀÅA)©a°ÑœÝÄÍ)Å¥e5h½4½åY$ÜÍ!	ÉIQ­¡Ôå½ÅÝÙAÅÄ­„½å…‘\á…­…-±¬ÕáÉµœôôˆ°(€€€€€€‰ÁÔˆèl(€€€€€€€€‰àØÐˆ(€€€€€t°(€€€€€€‰‘•ØˆèÑÉÕ”°(€€€€€€‰±¥•¹Í”ˆè€‰5%Pˆ°(€€€€€€‰½ÁÑ¥½¹…°ˆèÑÉÕ”°(€€€€€€‰½Ìˆèl(€€€€€€€€‰™É••‰Íˆ(€€€€€t°(€€€€€€‰•¹¥¹•Ìˆèì(€€€€€€€€‰¹½‘”ˆè€ˆøôÄàˆ(€€€€€ô(€€€ô°(€€€€‰¹½‘•}µ½‘Õ±•Ì½Ù¥Ñ”½¹½‘•}µ½‘Õ±•Ì½•Í‰Õ¥±½±¥¹Õàµ…É´ˆèì(€€€€€€‰Ù•ÉÍ¥½¸ˆè€ˆÀ¸Èà¸Èˆ°(€€€€€€‰É•Í½±Ù•ˆè€‰¡ÑÑÁÌè¼½É•¥ÍÑÉä¹¹Áµ©Ì¹½Éœ½•Í‰Õ¥±½±¥¹Õàµ…É´¼´½±¥¹Õàµ…É´´À¸Èà¸È¹Ñèˆ°(€€€€€€‰¥¹Ñ•É¥Ñäˆè€‰Í¡„ÔÄÈµa±¹ÔÉÄÕå½Å•µÌ­á…äÙÝMœåÝ,åI1-i	=5i´Í­9Á)	Ù=`ÈÁÑM™‰äá-™ÉÉ¡%9åØåXÉeYi-d½MÁ½)$áÜôôˆ°(€€€€€€‰ÁÔˆèl(€€€€€€€€‰…É´ˆ(€€€€€t°(€€€€€€‰‘•ØˆèÑÉÕ”°(€€€€€€‰±¥•¹Í”ˆè€‰5%Pˆ°(€€€€€€‰½ÁÑ¥½¹…°ˆèÑÉÕ”°(€€€€€€‰½Ìˆèl(€€€€€€€€‰±¥¹Õàˆ(€€€€€t°(€€€€€€‰•¹¥¹•Ìˆèì(€€€€€€€€‰¹½‘”ˆè€ˆøôÄàˆ(€€€€€ô(€€€ô°(€€€€‰¹½‘•}µ½‘Õ±•Ì½Ù¥Ñ”½¹½‘•}µ½‘Õ±•Ì½•Í‰Õ¥±½±¥¹Õàµ…É´ØÐˆèì(€€€€€€‰Ù•ÉÍ¥½¸ˆè€ˆÀ¸Èà¸Èˆ°(€€€€€€‰É•Í½±Ù•ˆè€‰¡ÑÑÁÌè¼½É•¥ÍÑÉä¹¹Áµ©Ì¹½Éœ½•Í‰Õ¥±½±¥¹Õàµ…É´ØÐ¼´½±¥¹Õàµ…É´ØÐ´À¸Èà¸È¹Ñèˆ°(€€€€€€‰¥¹Ñ•É¥Ñäˆè€‰Í¡„ÔÄÈµÁ\ÑÁ@Í¥ÐáŒÝ‘¼å5Y4ÑÀÔÅé!é‘4½QiÉ•ÉÕÉI!(É]Q„ÅYDÅ%ÄÄáá¹™Á	)ÜÑ½©­¥iiÉ-\Éå%	]	@äÉ¨ÙUœôôˆ°(€€€€€€‰ÁÔˆèl(€€€€€€€€‰…É´ØÐˆ(€€€€€t°(€€€€€€‰‘•ØˆèÑÉÕ”°(€€€€€€‰±¥•¹Í”ˆè€‰5%Pˆ°(€€€€€€‰½ÁÑ¥½¹…°ˆèÑÉÕ”°(€€€€€€‰½Ìˆèl(€€€€€€€€‰±¥¹Õàˆ(€€€€€t°(€€€€€€‰•¹¥¹•Ìˆèì(€€€€€€€€‰¹½‘”ˆè€ˆøôÄàˆ(€€€€€ô(€€€ô°(€€€€‰¹½‘•}µ½‘Õ±•Ì½Ù¥Ñ”½¹½‘•}µ½‘Õ±•Ì½•Í‰Õ¥±½±¥¹Õàµ¥„ÌÈˆèì(€€€€€€‰Ù•ÉÍ¥½¸ˆè€ˆÀ¸Èà¸Èˆ°(€€€€€€‰É•Í½±Ù•ˆè€‰¡ÑÑÁÌè¼½É•¥ÍÑÉä¹¹Áµ©Ì¹½Éœ½•Í‰Õ¥±½±¥¹Õàµ¥„ÌÈ¼´½±¥¹Õàµ¥„ÌÈ´À¸Èà¸È¹Ñèˆ°(€€€€€€‰¥¹Ñ•É¥Ñäˆè€‰Í¡„ÔÄÈµe‰¹¨Üá!Í%•­¡U-™Ù9ÍQ!¡55É¥¹UÉ5iÁa)a-8áPÍaY¥Qh¼­ÝÑ!•Yá]dá•ÝMéQ8­¹IµMÝ<ÉÑi…1UDôôˆ°(€€€€€€‰ÁÔˆèl(€€€€€€€€‰¥„ÌÈˆ(€€€€€t°(€€€€€€‰‘•ØˆèÑÉÕ”°(€€€€€€‰±¥•¹Í”ˆè€‰5%Pˆ°(€€€€€€‰½ÁÑ¥½¹…°ˆèÑÉÕ”°(€€€€€€‰½Ìˆèl(€€€€€€€€‰±¥¹Õàˆ(€€€€€t°(€€€€€€‰•¹¥¹•Ìˆèì(€€€€€€€€‰¹½‘”ˆè€ˆøôÄàˆ(€€€€€ô(€€€ô°(€€€€‰¹½‘•}µ½‘Õ±•Ì½Ù¥Ñ”½¹½‘•}µ½‘Õ±•Ì½•Í‰Õ¥±½±¥¹Õàµ±½½¹œØÐˆèì(€€€€€€‰Ù•ÉÍ¥½¸ˆè€ˆÀ¸Èà¸Èˆ°(€€€€€€‰É•Í½±Ù•ˆè€‰¡ÑÑÁÌè¼½É•¥ÍÑÉä¹¹Áµ©Ì¹½Éœ½•Í‰Õ¥±½±¥¹Õàµ±½½¹œØÐ¼´½±¥¹Õàµ±½½¹œØÐ´À¸Èà¸È¹Ñèˆ°(€€€€€€‰¥¹Ñ•É¥Ñäˆè€‰Í¡„ÔÄÈµ‰ÕÝ­á¹ÍÁ ÑH­…©IÙÜÁÅ4Õ!©„½QaE½ÜÍÁÑé]<É‰½Å%­!±½IÉ‘±	ÑE±Í¡åeQ9Ù™­™(ÕÑÁA1Y­dÑÑÍA™Dôôˆ°(€€€€€€‰ÁÔˆèl(€€€€€€€€‰±½½¹œØÐˆ(€€€€€t°(€€€€€€‰‘•ØˆèÑÉÕ”°(€€€€€€‰±¥•¹Í”ˆè€‰5%Pˆ°(€€€€€€‰½ÁÑ¥½¹…°ˆèÑÉÕ”°(€€€€€€‰½Ìˆèl(€€€€€€€€‰±¥¹Õàˆ(€€€€€t°(€€€€€€‰•¹¥¹•Ìˆèì(€€€€€€€€‰¹½‘”ˆè€ˆøôÄàˆ(€€€€€ô(€€€ô°(€€€€‰¹½‘•}µ½‘Õ±•Ì½Ù¥Ñ”½¹½‘•}µ½‘Õ±•Ì½•Í‰Õ¥±½±¥¹Õàµµ¥ÁÌØÑ•°ˆèì(€€€€€€‰Ù•ÉÍ¥½¸ˆè€ˆÀ¸Èà¸Èˆ°(€€€€€€‰É•Í½±Ù•ˆè€‰¡ÑÑÁÌè¼½É•¥ÍÑÉä¹¹Áµ©Ì¹½Éœ½•Í‰Õ¥±½±¥¹Õàµµ¥ÁÌØÑ•°¼´½±¥¹Õàµµ¥ÁÌØÑ•°´À¸Èà¸È¹Ñèˆ°(€€€€€€‰¥¹Ñ•É¥Ñäˆè€‰Í¡„ÔÄÈµiYå­‰å¬ÜÔÄåYÝ¥9ˆå1¨å´áa4ÙØÕXåÕ-AÙÉ5­­•‘Y•Ý˜¬Á¥Ñ­¡…¡ÀÑ!ÁIa¡Ý1IÁ]åÁÍ‰½(áÌÁE©)ôôˆ°(€€€€€€‰ÁÔˆèl(€€€€€€€€‰µ¥ÁÌØÑ•°ˆ(€€€€€t°(€€€€€€‰‘•ØˆèÑÉÕ”°(€€€€€€‰±¥•¹Í”ˆè€‰5%Pˆ°(€€€€€€‰½ÁÑ¥½¹…°ˆèÑÉÕ”°(€€€€€€‰½Ìˆèl(€€€€€€€€‰±¥¹Õàˆ(€€€€€t°(€€€€€€‰•¹¥¹•Ìˆèì(€€€€€€€€‰¹½‘”ˆè€ˆøôÄàˆ(€€€€€ô(€€€ô°(€€€€‰¹½‘•}µ½‘Õ±•Ì½Ù¥Ñ”½¹½‘•}µ½‘Õ±•Ì½•Í‰Õ¥±½±¥¹ÕàµÁÁŒØÐˆèì(€€€€€€‰Ù•ÉÍ¥½¸ˆè€ˆÀ¸Èà¸Èˆ°(€€€€€€‰É•Í½±Ù•ˆè€‰¡ÑÑÁÌè¼½É•¥ÍÑÉä¹¹Áµ©Ì¹½Éœ½•Í‰Õ¥±½±¥¹ÕàµÁÁŒØÐ¼´½±¥¹ÕàµÁÁŒØÐ´À¸Èà¸È¹Ñèˆ°(€€€€€€‰¥¹Ñ•É¥Ñäˆè€‰Í¡„ÔÄÈµa°­ÑåUUÕ)áÁ--‘Ý Ù51´Í5U5¥Å5Aµ¡hÍÑQMaAÅ™åDÍÙ°ÙHÕ¡i‘h½­e½©,Ñ½™aÑ‘™MØÅÑÄáaé]àÍ¡•9Dôôˆ°(€€€€€€‰ÁÔˆèl(€€€€€€€€‰ÁÁŒØÐˆ(€€€€€t°(€€€€€€‰‘•ØˆèÑÉÕ”°(€€€€€€‰±¥•¹Í”ˆè€‰5%Pˆ°(€€€€€€‰½ÁÑ¥½¹…°ˆèÑÉÕ”°(€€€€€€‰½Ìˆèl(€€€€€€€€‰±¥¹Õàˆ(€€€€€t°(€€€€€€‰•¹¥¹•Ìˆèì(€€€€€€€€‰¹½‘”ˆè€ˆøôÄàˆ(€€€€€ô(€€€ô°(€€€€‰¹½‘•}µ½‘Õ±•Ì½Ù¥Ñ”½¹½‘•}µ½‘Õ±•Ì½•Í‰Õ¥±½±¥¹ÕàµÉ¥ÍØØÐˆèì(€€€€€€‰Ù•ÉÍ¥½¸ˆè€ˆÀ¸Èà¸Èˆ°(€€€€€€‰É•Í½±Ù•ˆè€‰¡ÑÑÁÌè¼½É•¥ÍÑÉä¹¹Áµ©Ì¹½Éœ½•Í‰Õ¥±½±¥¹ÕàµÉ¥ÍØØÐ¼´½±¥¹ÕàµÉ¥ÍØØÐ´À¸Èà¸È¹Ñèˆ°(€€€€€€‰¥¹Ñ•É¥Ñäˆè€‰Í¡„ÔÄÈµ•a•¨Ñ%EÑTÅ­E±Xá\½IIÙ‰é$Í<½MÑÍÌ¬½‰aØÑ±i±ÌÕ]IÑÔÉ„¬Í)­Í¤ÑÅ%U±5aÁ!•‰]Áá­)¡Q½ÝÕôôˆ°(€€€€€€‰ÁÔˆèl(€€€€€€€€‰É¥ÍØØÐˆ(€€€€€t°(€€€€€€‰‘•ØˆèÑÉÕ”°(€€€€€€‰±¥•¹Í”ˆè€‰5%Pˆ°(€€€€€€‰½ÁÑ¥½¹…°ˆèÑÉÕ”°(€€€€€€‰½Ìˆèl(€€€€€€€€‰±¥¹Õàˆ(€€€€€t°(€€€€€€‰•¹¥¹•Ìˆèì(€€€€€€€€‰¹½‘”ˆè€ˆøôÄàˆ(€€€€€ô(€€€ô°(€€€€‰¹½‘•}µ½‘Õ±•Ì½Ù¥Ñ”½¹½‘•}µ½‘Õ±•Ì½•Í‰Õ¥±½±¥¹ÕàµÌÌäÁàˆèì(€€€€€€‰Ù•ÉÍ¥½¸ˆè€ˆÀ¸Èà¸Èˆ°(€€€€€€‰É•Í½±Ù•ˆè€‰¡ÑÑÁÌè¼½É•¥ÍÑÉä¹¹Áµ©Ì¹½Éœ½•Í‰Õ¥±½±¥¹ÕàµÌÌäÁà¼´½±¥¹ÕàµÌÌäÁà´À¸Èà¸È¹Ñèˆ°(€€€€€€‰¥¹Ñ•É¥Ñäˆè€‰Í¡„ÔÄÈ´Í ÅÝ•QeiAáÐ½]=¡	åÍéEiå‰LåÜÕ±-éU¸Å5Í¡‰!]EÝ!eEEI™	áiÙA¡©!™-å)©%¥•ÙÙ5µU…Ý)É‘dåœôôˆ°(€€€€€€‰ÁÔˆèl(€€€€€€€€‰ÌÌäÁàˆ(€€€€€t°(€€€€€€‰‘•ØˆèÑÉÕ”°(€€€€€€‰±¥•¹Í”ˆè€‰5%Pˆ°(€€€€€€‰½ÁÑ¥½¹…°ˆèÑÉÕ”°(€€€€€€‰½Ìˆèl(€€€€€€€€‰±¥¹Õàˆ(€€€€€t°(€€€€€€‰•¹¥¹•Ìˆèì(€€€€€€€€‰¹½‘”ˆè€ˆøôÄàˆ(€€€€€ô(€€€ô°(€€€€‰¹½‘•}µ½‘Õ±•Ì½Ù¥Ñ”½¹½‘•}µ½‘Õ±•Ì½•Í‰Õ¥±½±¥¹ÕàµàØÐˆèì(€€€€€€‰Ù•ÉÍ¥½¸ˆè€ˆÀ¸Èà¸Èˆ°(€€€€€€‰É•Í½±Ù•ˆè€‰¡ÑÑÁÌè¼½É•¥ÍÑÉä¹¹Áµ©Ì¹½Éœ½•Í‰Õ¥±½±¥¹ÕàµàØÐ¼´½±¥¹ÕàµàØÐ´À¸Èà¸È¹Ñèˆ°(€€€€€€‰¥¹Ñ•É¥Ñäˆè€‰Í¡„ÔÄÈ´ÑáQiÈÅUµM½E\Ña%]µ¥ÐÍÑéEÉUQi4­8Í@ÁaXááI=-eÔÁa™$Ýá•<äÀ¬Å‰iÙ9Ýá%Õ™Då¡EYI) Õe¡AYá½!Dôôˆ°(€€€€€€‰ÁÔˆèl(€€€€€€€€‰àØÐˆ(€€€€€t°(€€€€€€‰‘•ØˆèÑÉÕ”°(€€€€€€‰±¥•¹Í”ˆè€‰5%Pˆ°(€€€€€€‰½ÁÑ¥½¹…°ˆèÑÉÕ”°(€€€€€€‰½Ìˆèl(€€€€€€€€‰±¥¹Õàˆ(€€€€€t°(€€€€€€‰•¹¥¹•Ìˆèì(€€€€€€€€‰¹½‘”ˆè€ˆøôÄàˆ(€€€€€ô(€€€ô°(€€€€‰¹½‘•}µ½‘Õ±•Ì½Ù¥Ñ”½¹½‘•}µ½‘Õ±•Ì½•Í‰Õ¥±½¹•Ñ‰Íµ…É´ØÐˆèì(€€€€€€‰Ù•ÉÍ¥½¸ˆè€ˆÀ¸Èà¸Èˆ°(€€€€€€‰É•Í½±Ù•ˆè€‰¡ÑÑÁÌè¼½É•¥ÍÑÉä¹¹Áµ©Ì¹½Éœ½•Í‰Õ¥±½¹•Ñ‰Íµ…É´ØÐ¼´½¹•Ñ‰Íµ…É´ØÐ´À¸Èà¸È¹Ñèˆ°(€€€€€€‰¥¹Ñ•É¥Ñäˆè€‰Í¡„ÔÄÈµÍMQI©A•	œÍÁ‘!½E™½e	½ˆÄÅ-¬Å„å±Õ¤ÕI%!i½­)„åE-±Ù°Ì½Ù-èÉÕÍµee©ÌÝåµ)H¼É9¹ÍÅ”­!©ÐÕ¹Üôôˆ°(€€€€€€‰ÁÔˆèl(€€€€€€€€‰…É´ØÐˆ(€€€€€t°(€€€€€€‰‘•ØˆèÑÉÕ”°(€€€€€€‰±¥•¹Í”ˆè€‰5%Pˆ°(€€€€€€‰½ÁÑ¥½¹…°ˆèÑÉÕ”°(€€€€€€‰½Ìˆèl(€€€€€€€€‰¹•Ñ‰Íˆ(€€€€€t°(€€€€€€‰•¹¥¹•Ìˆèì(€€€€€€€€‰¹½‘”ˆè€ˆøôÄàˆ(€€€€€ô(€€€ô°(€€€€‰¹½‘•}µ½‘Õ±•Ì½Ù¥Ñ”½¹½‘•}µ½‘Õ±•Ì½•Í‰Õ¥±½¹•Ñ‰ÍµàØÐˆèì(€€€€€€‰Ù•ÉÍ¥½¸ˆè€ˆÀ¸Èà¸Èˆ°(€€€€€€‰É•Í½±Ù•ˆè€‰¡ÑÑÁÌè¼½É•¥ÍÑÉä¹¹Áµ©Ì¹½Éœ½•Í‰Õ¥±½¹•Ñ‰ÍµàØÐ¼´½¹•Ñ‰ÍµàØÐ´À¸Èà¸È¹Ñèˆ°(€€€€€€‰¥¹Ñ•É¥Ñäˆè€‰Í¡„ÔÄÈµ±Å¹éX­µ4Á%…-¥¡¥œÙ¥™™TÉ0Í ÕÌÍÉ9E	8ÅdÑ5…Y¹éÉåéµÙÙ˜ÝU!áÁÉÁE‘á¡ÁÅ1½±(åI°­M­%IÁåÜôôˆ°(€€€€€€‰ÁÔˆèl(€€€€€€€€‰àØÐˆ(€€€€€t°(€€€€€€‰‘•ØˆèÑÉÕ”°(€€€€€€‰±¥•¹Í”ˆè€‰5%Pˆ°(€€€€€€‰½ÁÑ¥½¹…°ˆèÑÉÕ”°(€€€€€€‰½Ìˆèl(€€€€€€€€‰¹•Ñ‰Íˆ(€€€€€t°(€€€€€€‰•¹¥¹•Ìˆèì(€€€€€€€€‰¹½‘”ˆè€ˆøôÄàˆ(€€€€€ô(€€€ô°(€€€€‰¹½‘•}µ½‘Õ±•Ì½Ù¥Ñ”½¹½‘•}µ½‘Õ±•Ì½•Í‰Õ¥±½½Á•¹‰Íµ…É´ØÐˆèì(€€€€€€‰Ù•ÉÍ¥½¸ˆè€ˆÀ¸Èà¸Èˆ°(€€€€€€‰É•Í½±Ù•ˆè€‰¡ÑÑÁÌè¼½É•¥ÍÑÉä¹¹Áµ©Ì¹½Éœ½•Í‰Õ¥±½½Á•¹‰Íµ…É´ØÐ¼´½½Á•¹‰Íµ…É´ØÐ´À¸Èà¸È¹Ñèˆ°(€€€€€€‰¥¹Ñ•É¥Ñäˆè€‰Í¡„ÔÄÈµ0ÉÅ)%1 Ý±9©ÉµEÙ‘á5™U%Øá-59i=ÙÉÝDá¤à¼½¹Ñ0å™±¡=å5(á=iM5	ˆà½]a”Ì¼ÕØÕLÈÁäÍé½i]-½Dôôˆ°(€€€€€€‰ÁÔˆèl(€€€€€€€€‰…É´ØÐˆ(€€€€€t°(€€€€€€‰‘•ØˆèÑÉÕ”°(€€€€€€‰±¥•¹Í”ˆè€‰5%Pˆ°(€€€€€€‰½ÁÑ¥½¹…°ˆèÑÉÕ”°(€€€€€€‰½Ìˆèl(€€€€€€€€‰½Á•¹‰Íˆ(€€€€€t°(€€€€€€‰•¹¥¹•Ìˆèì(€€€€€€€€‰¹½‘”ˆè€ˆøôÄàˆ(€€€€€ô(€€€ô°(€€€€‰¹½‘•}µ½‘Õ±•Ì½Ù¥Ñ”½¹½‘•}µ½‘Õ±•Ì½•Í‰Õ¥±½½Á•¹‰ÍµàØÐˆèì(€€€€€€‰Ù•ÉÍ¥½¸ˆè€ˆÀ¸Èà¸Èˆ°(€€€€€€‰É•Í½±Ù•ˆè€‰¡ÑÑÁÌè¼½É•¥ÍÑÉä¹¹Áµ©Ì¹½Éœ½•Í‰Õ¥±½½Á•¹‰ÍµàØÐ¼´½½Á•¹‰ÍµàØÐ´À¸Èà¸È¹Ñèˆ°(€€€€€€‰¥¹Ñ•É¥Ñäˆè€‰Í¡„ÔÄÈµEÑ¥ÕAåÑ¡IåÑÉÝU-¡•á)‘E-ÙÕhÙ¡]±½¤Í¥ÅAE9U)LÄ½Øå¥<ÍUQ=aHÙÍ½5¼Ñ™¹-‰])‘Å…%Ý¡=é áÅÜôôˆ°(€€€€€€‰ÁÔˆèl(€€€€€€€€‰àØÐˆ(€€€€€t°(€€€€€€‰‘•ØˆèÑÉÕ”°(€€€€€€‰±¥•¹Í”ˆè€‰5%Pˆ°(€€€€€€‰½ÁÑ¥½¹…°ˆèÑÉÕ”°(€€€€€€‰½Ìˆèl(€€€€€€€€‰½Á•¹‰Íˆ(€€€€€t°(€€€€€€‰•¹¥¹•Ìˆèì(€€€€€€€€‰¹½‘”ˆè€ˆøôÄàˆ(€€€€€ô(€€€ô°(€€€€‰¹½‘•}µ½‘Õ±•Ì½Ù¥Ñ”½¹½‘•}µ½‘Õ±•Ì½•Í‰Õ¥±½½Á•¹¡…Éµ½¹äµ…É´ØÐˆèì(€€€€€€‰Ù•ÉÍ¥½¸ˆè€ˆÀ¸Èà¸Èˆ°(€€€€€€‰É•Í½±Ù•ˆè€‰¡ÑÑÁÌè¼½É•¥ÍÑÉä¹¹Áµ©Ì¹½Éœ½•Í‰Õ¥±½½Á•¹¡…Éµ½¹äµ…É´ØÐ¼´½½Á•¹¡…Éµ½¹äµ…É´ØÐ´À¸Èà¸È¹Ñèˆ°(€€€€€€‰¥¹Ñ•É¥Ñäˆè€‰Í¡„ÔÄÈµ]­¡eµÁQ©1Ù±MÅÉÝ©IUµ¡°Ñ¬á½aHÍ%‰ÑÅ]µ1T½‘•!!±±±áÙ‘]9)XåÉ‰é•áÕÙèáÑ9•Ý]1PÝDôôˆ°(€€€€€€‰ÁÔˆèl(€€€€€€€€‰…É´ØÐˆ(€€€€€t°(€€€€€€‰‘•ØˆèÑÉÕ”°(€€€€€€‰±¥•¹Í”ˆè€‰5%Pˆ°(€€€€€€‰½ÁÑ¥½¹…°ˆèÑÉÕ”°(€€€€€€‰½Ìˆèl(€€€€€€€€‰½Á•¹¡…Éµ½¹äˆ(€€€€€t°(€€€€€€‰•¹¥¹•Ìˆèì(€€€€€€€€‰¹½‘”ˆè€ˆøôÄàˆ(€€€€€ô(€€€ô°(€€€€‰¹½‘•}µ½‘Õ±•Ì½Ù¥Ñ”½¹½‘•}µ½‘Õ±•Ì½•Í‰Õ¥±½ÍÕ¹½ÌµàØÐˆèì(€€€€€€‰Ù•ÉÍ¥½¸ˆè€ˆÀ¸Èà¸Èˆ°(€€€€€€‰É•Í½±Ù•ˆè€‰¡ÑÑÁÌè¼½É•¥ÍÑÉä¹¹Áµ©Ì¹½Éœ½•Í‰Õ¥±½ÍÕ¹½ÌµàØÐ¼´½ÍÕ¹½ÌµàØÐ´À¸Èà¸È¹Ñèˆ°(€€€€€€‰¥¹Ñ•É¥Ñäˆè€‰Í¡„ÔÄÈµA5M­Q=Ñ5¹ØÉTÉáá”Ñ%¼ÙÅµYÌ­e-åÀàÌÉÑÅÅáÈÁ¡¹µaDÍÉéÝåÑ•±´Í%¸ÝPÑYÙ¥IU±˜ÍÍ=	=¥Q‘Ù…˜Ýœôôˆ°(€€€€€€‰ÁÔˆèl(€€€€€€€€‰àØÐˆ(€€€€€t°(€€€€€€‰‘•ØˆèÑÉÕ”°(€€€€€€‰±¥•¹Í”ˆè€‰5%Pˆ°(€€€€€€‰½ÁÑ¥½¹…°ˆèÑÉÕ”°(€€€€€€‰½Ìˆèl(€€€€€€€€‰ÍÕ¹½Ìˆ(€€€€€t°(€€€€€€‰•¹¥¹•Ìˆèì(€€€€€€€€‰¹½‘”ˆè€ˆøôÄàˆ(€€€€€ô(€€€ô°(€€€€‰¹½‘•}µ½‘Õ±•Ì½Ù¥Ñ”½¹½‘•}µ½‘Õ±•Ì½•Í‰Õ¥±½Ý¥¸ÌÈµ…É´ØÐˆèì(€€€€€€‰Ù•ÉÍ¥½¸ˆè€ˆÀ¸Èà¸Èˆ°(€€€€€€‰É•Í½±Ù•ˆè€‰¡ÑÑÁÌè¼½É•¥ÍÑÉä¹¹Áµ©Ì¹½Éœ½•Í‰Õ¥±½Ý¥¸ÌÈµ…É´ØÐ¼´½Ý¥¸ÌÈµ…É´ØÐ´À¸Èà¸È¹Ñèˆ°(€€€€€€‰¥¹Ñ•É¥Ñäˆè€‰Í¡„ÔÄÈµA%¡¡­åÕA	±•I	ÉE)ÁU¸Ý5	¹¥‰ié‰ée]AµdÍà­e½Yœ¼äÕé‰©ÑáAA=Dá°ÕÑee4Ñµ5…Ñ¡à¼Å%™	EEå]Dôôˆ°(€€€€€€‰ÁÔˆèl(€€€€€€€€‰…É´ØÐˆ(€€€€€t°(€€€€€€‰‘•ØˆèÑÉÕ”°(€€€€€€‰±¥•¹Í”ˆè€‰5%Pˆ°(€€€€€€‰½ÁÑ¥½¹…°ˆèÑÉÕ”°(€€€€€€‰½Ìˆèl(€€€€€€€€‰Ý¥¸ÌÈˆ(€€€€€t°(€€€€€€‰•¹¥¹•Ìˆèì(€€€€€€€€‰¹½‘”ˆè€ˆøôÄàˆ(€€€€€ô(€€€ô°(€€€€‰¹½‘•}µ½‘Õ±•Ì½Ù¥Ñ”½¹½‘•}µ½‘Õ±•Ì½•Í‰Õ¥±½Ý¥¸ÌÈµ¥„ÌÈˆèì(€€€€€€‰Ù•ÉÍ¥½¸ˆè€ˆÀ¸Èà¸Èˆ°(€€€€€€‰É•Í½±Ù•ˆè€‰¡ÑÑÁÌè¼½É•¥ÍÑÉä¹¹Áµ©Ì¹½Éœ½•Í‰Õ¥±½Ý¥¸ÌÈµ¥„ÌÈ¼´½Ý¥¸ÌÈµ¥„ÌÈ´À¸Èà¸È¹Ñèˆ°(€€€€€€‰¥¹Ñ•É¥Ñäˆè€‰Í¡„ÔÄÈµeµ)‰™Q±ÙTÝM‘¸å	¬ÑAILÑ½ÙÁáLÌÝ5=9¨­¡	È½ÁaLÅ…	A-aá9¹‰Ô­E]A¨Á¼å‘åá•ÄÜåœÙŒÕ@á-•Õeôôˆ°(€€€€€€‰ÁÔˆèl(€€€€€€€€‰¥„ÌÈˆ(€€€€€t°(€€€€€€‰‘•ØˆèÑÉÕ”°(€€€€€€‰±¥•¹Í”ˆè€‰5%Pˆ°(€€€€€€‰½ÁÑ¥½¹…°ˆèÑÉÕ”°(€€€€€€‰½Ìˆèl(€€€€€€€€‰Ý¥¸ÌÈˆ(€€€€€t°(€€€€€€‰•¹¥¹•Ìˆèì(€€€€€€€€‰¹½‘”ˆè€ˆøôÄàˆ(€€€€€ô(€€€ô°(€€€€‰¹½‘•}µ½‘Õ±•Ì½Ù¥Ñ”½¹½‘•}µ½‘Õ±•Ì½•Í‰Õ¥±½Ý¥¸ÌÈµàØÐˆèì(€€€€€€‰Ù•ÉÍ¥½¸ˆè€ˆÀ¸Èà¸Èˆ°(€€€€€€‰É•Í½±Ù•ˆè€‰¡ÑÑÁÌè¼½É•¥ÍÑÉä¹¹Áµ©Ì¹½Éœ½•Í‰Õ¥±½Ý¥¸ÌÈµàØÐ¼´½Ý¥¸ÌÈµàØÐ´À¸Èà¸È¹Ñèˆ°(€€€€€€‰¥¹Ñ•É¥Ñäˆè€‰Í¡„ÔÄÈ´Õ•‰ÁáÈÍ¹]5éÉ0½É¹U$ÜÔÕ)­Õ•”Á‰!0½ÄÁ]Qå±ÙÁØÜÍÝÀÕ•Ôá5™	U],å‰¡]Ùi©¨Ýå`á•Ñ˜¼áÑ$á9•äØäÕœôôˆ°(€€€€€€‰ÁÔˆèl(€€€€€€€€‰àØÐˆ(€€€€€t°(€€€€€€‰‘•ØˆèÑÉÕ”°(€€€€€€‰±¥•¹Í”ˆè€‰5%Pˆ°(€€€€€€‰½ÁÑ¥½¹…°ˆèÑÉÕ”°(€€€€€€‰½Ìˆèl(€€€€€€€€‰Ý¥¸ÌÈˆ(€€€€€t°(€€€€€€‰•¹¥¹•Ìˆèì(€€€€€€€€‰¹½‘”ˆè€ˆøôÄàˆ(€€€€€ô(€€€ô°(€€€€‰¹½‘•}µ½‘Õ±•Ì½Ù¥Ñ”½¹½‘•}µ½‘Õ±•Ì½•Í‰Õ¥±ˆèì(€€€€€€‰Ù•ÉÍ¥½¸ˆè€ˆÀ¸Èà¸Èˆ°(€€€€€€‰É•Í½±Ù•ˆè€‰¡ÑÑÁÌè¼½É•¥ÍÑÉä¹¹Áµ©Ì¹½Éœ½•Í‰Õ¥±¼´½•Í‰Õ¥±´À¸Èà¸È¹Ñèˆ°(€€€€€€‰¥¹Ñ•É¥Ñäˆè€‰Í¡„ÔÄÈµ!-Y1Lá‘Ù%$­á½-\å­µÅá‰I-É¹]a™))È½i¡¡)µ¥Å%Á”ÀÔÍE9eÅ=	½ÕQ5<½¬ÕÍ%Ñ5Ù¥UÙØáˆå4Ñ ÌÉÝ%ôôˆ°(€€€€€€‰‘•ØˆèÑÉÕ”°(€€€€€€‰¡…Í%¹ÍÑ…±±MÉ¥ÁÐˆèÑÉÕ”°(€€€€€€‰±¥•¹Í”ˆè€‰5%Pˆ°(€€€€€€‰‰¥¸ˆèì(€€€€€€€€‰•Í‰Õ¥±ˆè€‰‰¥¸½•Í‰Õ¥±ˆ(€€€€€ô°(€€€€€€‰•¹¥¹•Ìˆèì(€€€€€€€€‰¹½‘”ˆè€ˆøôÄàˆ(€€€€€ô°(€€€€€€‰½ÁÑ¥½¹…±•Á•¹‘•¹¥•Ìˆèì(€€€€€€€€‰•Í‰Õ¥±½…¥àµÁÁŒØÐˆè€ˆÀ¸Èà¸Èˆ°(€€€€€€€€‰•Í‰Õ¥±½…¹‘É½¥µ…É´ˆè€ˆÀ¸Èà¸Èˆ°(€€€€€€€€‰•Í‰Õ¥±½…¹‘É½¥µ…É´ØÐˆè€ˆÀ¸Èà¸Èˆ°(€€€€€€€€‰•Í‰Õ¥±½…¹‘É½¥µàØÐˆè€ˆÀ¸Èà¸Èˆ°(€€€€€€€€‰•Í‰Õ¥±½‘…ÉÝ¥¸µ…É´ØÐˆè€ˆÀ¸Èà¸Èˆ°(€€€€€€€€‰•Í‰Õ¥±½‘…ÉÝ¥¸µàØÐˆè€ˆÀ¸Èà¸Èˆ°(€€€€€€€€‰•Í‰Õ¥±½™É••‰Íµ…É´ØÐˆè€ˆÀ¸Èà¸Èˆ°(€€€€€€€€‰•Í‰Õ¥±½™É••‰ÍµàØÐˆè€ˆÀ¸Èà¸Èˆ°(€€€€€€€€‰•Í‰Õ¥±½±¥¹Õàµ…É´ˆè€ˆÀ¸Èà¸Èˆ°(€€€€€€€€‰•Í‰Õ¥±½±¥¹Õàµ…É´ØÐˆè€ˆÀ¸Èà¸Èˆ°(€€€€€€€€‰•Í‰Õ¥±½±¥¹Õàµ¥„ÌÈˆè€ˆÀ¸Èà¸Èˆ°(€€€€€€€€‰•Í‰Õ¥±½±¥¹Õàµ±½½¹œØÐˆè€ˆÀ¸Èà¸Èˆ°(€€€€€€€€‰•Í‰Õ¥±½±¥¹Õàµµ¥ÁÌØÑ•°ˆè€ˆÀ¸Èà¸Èˆ°(€€€€€€€€‰•Í‰Õ¥±½±¥¹ÕàµÁÁŒØÐˆè€ˆÀ¸Èà¸Èˆ°(€€€€€€€€‰•Í‰Õ¥±½±¥¹ÕàµÉ¥ÍØØÐˆè€ˆÀ¸Èà¸Èˆ°(€€€€€€€€‰•Í‰Õ¥±½±¥¹ÕàµÌÌäÁàˆè€ˆÀ¸Èà¸Èˆ°(€€€€€€€€‰•Í‰Õ¥±½±¥¹ÕàµàØÐˆè€ˆÀ¸Èà¸Èˆ°(€€€€€€€€‰•Í‰Õ¥±½¹•Ñ‰Íµ…É´ØÐˆè€ˆÀ¸Èà¸Èˆ°(€€€€€€€€‰•Í‰Õ¥±½¹•Ñ‰ÍµàØÐˆè€ˆÀ¸Èà¸Èˆ°(€€€€€€€€‰•Í‰Õ¥±½½Á•¹‰Íµ…É´ØÐˆè€ˆÀ¸Èà¸Èˆ°(€€€€€€€€‰•Í‰Õ¥±½½Á•¹‰ÍµàØÐˆè€ˆÀ¸Èà¸Èˆ°(€€€€€€€€‰•Í‰Õ¥±½½Á•¹¡…Éµ½¹äµ…É´ØÐˆè€ˆÀ¸Èà¸Èˆ°(€€€€€€€€‰•Í‰Õ¥±½ÍÕ¹½ÌµàØÐˆè€ˆÀ¸Èà¸Èˆ°(€€€€€€€€‰•Í‰Õ¥±½Ý¥¸ÌÈµ…É´ØÐˆè€ˆÀ¸Èà¸Èˆ°(€€€€€€€€‰•Í‰Õ¥±½Ý¥¸ÌÈµ¥„ÌÈˆè€ˆÀ¸Èà¸Èˆ°(€€€€€€€€‰•Í‰Õ¥±½Ý¥¸ÌÈµàØÐˆè€ˆÀ¸Èà¸Èˆ(€€€€€ô(€€€ô°(€€€€‰¹½‘•}µ½‘Õ±•Ì½Ù¥Ñ•ÍÐˆèì(€€€€€€‰Ù•ÉÍ¥½¸ˆè€ˆÌ¸È¸Üˆ°(€€€€€€‰É•Í½±Ù•ˆè€‰¡ÑÑÁÌè¼½É•¥ÍÑÉä¹¹Áµ©Ì¹½Éœ½Ù¥Ñ•ÍÐ¼´½Ù¥Ñ•ÍÐ´Ì¸È¸Ü¹Ñèˆ°(€€€€€€‰¥¹Ñ•É¥Ñäˆè€‰Í¡„ÔÄÈµ-Éá%(ØÉàå™åÍHÑ]½Ñ±i	¥èÉ‘ÅAÅé`ÝÌ­ÝÍÅ1½µI ÜÜÜÝiÉ=Ø­]Y Ý­¡AE@ÐÅ­	-‰Á)É‘œôôˆ°(€€€€€€‰‘•ØˆèÑÉÕ”°(€€€€€€‰±¥•¹Í”ˆè€‰5%Pˆ°(€€€€€€‰‘•Á•¹‘•¹¥•Ìˆèì(€€€€€€€€‰ÑåÁ•Ì½¡…¤ˆè€‰xÔ¸È¸Èˆ°(€€€€€€€€‰Ù¥Ñ•ÍÐ½•áÁ•Ðˆè€ˆÌ¸È¸Üˆ°(€€€€€€€€‰Ù¥Ñ•ÍÐ½µ½­•Èˆè€ˆÌ¸È¸Üˆ°(€€€€€€€€‰Ù¥Ñ•ÍÐ½ÁÉ•ÑÑäµ™½Éµ…Ðˆè€‰xÌ¸È¸Üˆ°(€€€€€€€€‰Ù¥Ñ•ÍÐ½ÉÕ¹¹•Èˆè€ˆÌ¸È¸Üˆ°(€€€€€€€€‰Ù¥Ñ•ÍÐ½Í¹…ÁÍ¡½Ðˆè€ˆÌ¸È¸Üˆ°(€€€€€€€€‰Ù¥Ñ•ÍÐ½ÍÁäˆè€ˆÌ¸È¸Üˆ°(€€€€€€€€‰Ù¥Ñ•ÍÐ½ÕÑ¥±Ìˆè€ˆÌ¸È¸Üˆ°(€€€€€€€€‰¡…¤ˆè€‰xÔ¸È¸Àˆ°(€€€€€€€€‰‘•‰Õœˆè€‰xÐ¸Ð¸Äˆ°(€€€€€€€€‰•áÁ•ÐµÑåÁ”ˆè€‰xÄ¸È¸Äˆ°(€€€€€€€€‰µ…¥ŒµÍÑÉ¥¹œˆè€‰xÀ¸ÌÀ¸ÄÜˆ°(€€€€€€€€‰Á…Ñ¡”ˆè€‰xÈ¸À¸Ìˆ°(€€€€€€€€‰Á¥½µ…Ñ ˆè€‰xÐ¸À¸Èˆ°(€€€€€€€€‰ÍÑµ•¹Øˆè€‰xÌ¸ä¸Àˆ°(€€€€€€€€‰Ñ¥¹å‰•¹ ˆè€‰xÈ¸ä¸Àˆ°(€€€€€€€€‰Ñ¥¹å•á•Œˆè€‰xÀ¸Ì¸Èˆ°(€€€€€€€€‰Ñ¥¹å±½‰‰äˆè€‰xÀ¸È¸ÄÐˆ°(€€€€€€€€‰Ñ¥¹åÁ½½°ˆè€‰xÄ¸Ä¸Äˆ°(€€€€€€€€‰Ñ¥¹åÉ…¥¹‰½Üˆè€‰xÈ¸À¸Àˆ°(€€€€€€€€‰Ù¥Ñ”ˆè€‰xÔ¸À¸ÀñðxØ¸À¸ÀñðxÜ¸À¸À´Àˆ°(€€€€€€€€‰Ù¥Ñ”µ¹½‘”ˆè€ˆÌ¸È¸Ðˆ°(€€€€€€€€‰Ý¡äµ¥Ìµ¹½‘”µÉÕ¹¹¥¹œˆè€‰xÈ¸Ì¸Àˆ(€€€€€ô°(€€€€€€‰‰¥¸ˆèì(€€€€€€€€‰Ù¥Ñ•ÍÐˆè€‰Ù¥Ñ•ÍÐ¹µ©Ìˆ(€€€€€ô°(€€€€€€‰•¹¥¹•Ìˆèì(€€€€€€€€‰¹½‘”ˆè€‰xÄà¸À¸ÀñðxÈÀ¸À¸Àñð€øôÈÈ¸À¸Àˆ(€€€€€ô°(€€€€€€‰™Õ¹‘¥¹œˆèì(€€€€€€€€‰ÕÉ°ˆè€‰¡ÑÑÁÌè¼½½Á•¹½±±•Ñ¥Ù”¹½´½Ù¥Ñ•ÍÐˆ(€€€€€ô°(€€€€€€‰Á••É•Á•¹‘•¹¥•Ìˆèì(€€€€€€€€‰•‘”µÉÕ¹Ñ¥µ”½Ù´ˆè€ˆ¨ˆ°(€€€€€€€€‰ÑåÁ•Ì½‘•‰Õœˆè€‰xÐ¸Ä¸ÄÈˆ°(€€€€€€€€‰ÑåÁ•Ì½¹½‘”ˆè€‰xÄà¸À¸ÀñðxÈÀ¸À¸Àñð€øôÈÈ¸À¸Àˆ°(€€€€€€€€‰Ù¥Ñ•ÍÐ½‰É½ÝÍ•Èˆè€ˆÌ¸È¸Üˆ°(€€€€€€€€‰Ù¥Ñ•ÍÐ½Õ¤ˆè€ˆÌ¸È¸Üˆ°(€€€€€€€€‰¡…ÁÁäµ‘½´ˆè€ˆ¨ˆ°(€€€€€€€€‰©Í‘½´ˆè€ˆ¨ˆ(€€€€€ô°(€€€€€€‰Á••É•Á•¹‘•¹¥•Í5•Ñ„ˆèì(€€€€€€€€‰•‘”µÉÕ¹Ñ¥µ”½Ù´ˆèì(€€€€€€€€€€‰½ÁÑ¥½¹…°ˆèÑÉÕ”(€€€€€€€ô°(€€€€€€€€‰ÑåÁ•Ì½‘•‰Õœˆèì(€€€€€€€€€€‰½ÁÑ¥½¹…°ˆèÑÉÕ”(€€€€€€€ô°(€€€€€€€€‰ÑåÁ•Ì½¹½‘”ˆèì(€€€€€€€€€€‰½ÁÑ¥½¹…°ˆèÑÉÕ”(€€€€€€€ô°(€€€€€€€€‰Ù¥Ñ•ÍÐ½‰É½ÝÍ•Èˆèì(€€€€€€€€€€‰½ÁÑ¥½¹…°ˆèÑÉÕ”(€€€€€€€ô°(€€€€€€€€‰Ù¥Ñ•ÍÐ½Õ¤ˆèì(€€€€€€€€€€‰½ÁÑ¥½¹…°ˆèÑÉÕ”(€€€€€€€ô°(€€€€€€€€‰¡…ÁÁäµ‘½´ˆèì(€€€€€€€€€€‰½ÁÑ¥½¹…°ˆèÑÉÕ”(€€€€€€€ô°(€€€€€€€€‰©Í‘½´ˆèì(€€€€€€€€€€‰½ÁÑ¥½¹…°ˆèÑÉÕ”(€€€€€€€ô(€€€€€ô(€€€ô°(€€€€‰¹½‘•}µ½‘Õ±•Ì½Ý¡äµ¥Ìµ¹½‘”µÉÕ¹¹¥¹œˆèì(€€€€€€‰Ù•ÉÍ¥½¸ˆè€ˆÈ¸Ì¸Àˆ°(€€€€€€‰É•Í½±Ù•ˆè€‰¡ÑÑÁÌè¼½É•¥ÍÑÉä¹¹Áµ©Ì¹½Éœ½Ý¡äµ¥Ìµ¹½‘”µÉÕ¹¹¥¹œ¼´½Ý¡äµ¥Ìµ¹½‘”µÉÕ¹¹¥¹œ´È¸Ì¸À¹Ñèˆ°(€€€€€€‰¥¹Ñ•É¥Ñäˆè€‰Í¡„ÔÄÈµ¡UÉµ…]	‘YáÙeÅ¹å ÀåéÕ¹-éI=]©‰iQ¥9äá‘	©­LÝ•¡E¥‰a(ÝaÙ±µÑ‰ÝÕQ±U¥%å8­åaEÑYµ­¼á™9´áÜôôˆ°(€€€€€€‰‘•ØˆèÑÉÕ”°(€€€€€€‰±¥•¹Í”ˆè€‰5%Pˆ°(€€€€€€‰‘•Á•¹‘•¹¥•Ìˆèì(€€€€€€€€‰Í¥¥¹™¼ˆè€‰xÈ¸À¸Àˆ°(€€€€€€€€‰ÍÑ…­‰…¬ˆè€ˆÀ¸À¸Èˆ(€€€€€ô°(€€€€€€‰‰¥¸ˆèì(€€€€€€€€‰Ý¡äµ¥Ìµ¹½‘”µÉÕ¹¹¥¹œˆè€‰±¤¹©Ìˆ(€€€€€ô°(€€€€€€‰•¹¥¹•Ìˆèì(€€€€€€€€‰¹½‘”ˆè€ˆøôàˆ(€€€€€ô(€€€ô°(€€€€‰¹½‘•}µ½‘Õ±•Ì½å…µ°ˆèì(€€€€€€‰Ù•ÉÍ¥½¸ˆè€ˆÈ¸ä¸Àˆ°(€€€€€€‰É•Í½±Ù•ˆè€‰¡ÑÑÁÌè¼½É•¥ÍÑÉä¹¹Áµ©Ì¹½Éœ½å…µ°¼´½å…µ°´È¸ä¸À¹Ñèˆ°(€€€€€€‰¥¹Ñ•É¥Ñäˆè€‰Í¡„ÔÄÈ´ÉÙ¡9`ÍµˆáéÙiäÝ%9QÑMÁ°ÅÄÕ!\Ù]¹Å¨ÁÍÉ]±­-1Áe°½5%5)¥åÕÄÉ-•$ÉeáUA©‘±¬Í1ŒÄÁÍ•51Ñ0Ñôôˆ°(€€€€€€‰±¥•¹Í”ˆè€‰%Mˆ°(€€€€€€‰‰¥¸ˆèì(€€€€€€€€‰å…µ°ˆè€‰‰¥¸¹µ©Ìˆ(€€€€€ô°(€€€€€€‰•¹¥¹•Ìˆèì(€€€€€€€€‰¹½‘”ˆè€ˆøô€ÄÐ¸Øˆ(€€€€€ô°(€€€€€€‰™Õ¹‘¥¹œˆèì(€€€€€€€€‰ÕÉ°ˆè€‰¡ÑÑÁÌè¼½¥Ñ¡Õˆ¹½´½ÍÁ½¹Í½ÉÌ½••µ•±¤ˆ(€€€€€ô(€€€ô°(€€€€‰¹½‘•}µ½‘Õ±•Ì½é½ˆèì(€€€€€€‰Ù•ÉÍ¥½¸ˆè€ˆÐ¸Ô¸Ðˆ°(€€€€€€‰É•Í½±Ù•ˆè€‰¡ÑÑÁÌè¼½É•¥ÍÑÉä¹¹Áµ©Ì¹½Éœ½é½¼´½é½´Ð¸Ô¸Ð¹Ñèˆ°(€€€€€€‰¥¹Ñ•É¥Ñäˆè€‰Í¡„ÔÄÈµÍäÕÑPÕ¥!! åÑÁ¨ÙàÅ­ ­9…IU8­Å±UAU‰I™=5Ù9˜ÕE	ÅÍˆÍ]Ù¹ÁYÑ,Õd¬ÑU™Ù-ÅÕ™½ÑÕQÙ5¥Q±Íôôˆ°(€€€€€€‰±¥•¹Í”ˆè€‰5%Pˆ°(€€€€€€‰™Õ¹‘¥¹œˆèì(€€€€€€€€‰ÕÉ°ˆè€‰¡ÑÑÁÌè¼½¥Ñ¡Õˆ¹½´½ÍÁ½¹Í½ÉÌ½½±¥¹¡…­Ìˆ(€€€€€ô(€€€ô(€ô)ô